
Microsoft Visual Studio Solution File, Format Version 12.00
# Visual Studio Version 16
VisualStudioVersion = 16.0.31229.75
MinimumVisualStudioVersion = 10.0.40219.1
Project("{9A19103F-16F7-4668-BE54-9A1E7A4F7556}") = "PulumiAzure", "PulumiAzure\PulumiAzure.csproj", "{E01163E5-5307-4C72-94C8-B41105F4DAED}"
EndProject
Project("{FAE04EC0-301F-11D3-BF4B-00C04F79EFBC}") = "PulumiAzure.Functions", "PulumiAzure.Functions\PulumiAzure.Functions.csproj", "{D5FF8BAA-E4B9-49E5-9EC2-15068B4D5B7E}"
EndProject
Global
	GlobalSection(SolutionConfigurationPlatforms) = preSolution
		Debug|Any CPU = Debug|Any CPU
		Release|Any CPU = Release|Any CPU
	EndGlobalSection
	GlobalSection(ProjectConfigurationPlatforms) = postSolution
		{E01163E5-5307-4C72-94C8-B41105F4DAED}.Debug|Any CPU.ActiveCfg = Debug|Any CPU
		{E01163E5-5307-4C72-94C8-B41105F4DAED}.Debug|Any CPU.Build.0 = Debug|Any CPU
		{E01163E5-5307-4C72-94C8-B41105F4DAED}.Release|Any CPU.ActiveCfg = Release|Any CPU
		{E01163E5-5307-4C72-94C8-B41105F4DAED}.Release|Any CPU.Build.0 = Release|Any CPU
		{D5FF8BAA-E4B9-49E5-9EC2-15068B4D5B7E}.Debug|Any CPU.ActiveCfg = Debug|Any CPU
		{D5FF8BAA-E4B9-49E5-9EC2-15068B4D5B7E}.Debug|Any CPU.Build.0 = Debug|Any CPU
		{D5FF8BAA-E4B9-49E5-9EC2-15068B4D5B7E}.Release|Any CPU.ActiveCfg = Release|Any CPU
		{D5FF8BAA-E4B9-49E5-9EC2-15068B4D5B7E}.Release|Any CPU.Build.0 = Release|Any CPU
	EndGlobalSection
	GlobalSection(SolutionProperties) = preSolution
		HideSolutionNode = FALSE
	EndGlobalSection
	GlobalSection(ExtensibilityGlobals) = postSolution
		SolutionGuid = {1D2E8BAA-B370-4DAC-8A53-D29EC3EC62F1}
	EndGlobalSection
EndGlobal
